
Microsoft Visual Studio Solution File, Format Version 12.00
# Visual Studio Version 16
VisualStudioVersion = 16.0.32510.428
MinimumVisualStudioVersion = 10.0.40219.1
Project("{8BC9CEB8-8B4A-11D0-8D11-00A0C91BC942}") = "TrayVolumeControl", "TrayVolumeControl\TrayVolumeControl.vcxproj", "{6CA09A11-CEEE-40A0-ADBF-D88CB1F7D140}"
	ProjectSection(ProjectDependencies) = postProject
		{293CFC32-CB67-4F5A-8277-B7D4838BC793} = {293CFC32-CB67-4F5A-8277-B7D4838BC793}
	EndProjectSection
EndProject
Project("{8BC9CEB8-8B4A-11D0-8D11-00A0C91BC942}") = "TrayVolumeControlLib", "TrayVolumeControlLib\TrayVolumeControlLib.vcxproj", "{293CFC32-CB67-4F5A-8277-B7D4838BC793}"
EndProject
Global
	GlobalSection(SolutionConfigurationPlatforms) = preSolution
		Debug|x64 = Debug|x64
		Debug|x86 = Debug|x86
		Release|x64 = Release|x64
		Release|x86 = Release|x86
	EndGlobalSection
	GlobalSection(ProjectConfigurationPlatforms) = postSolution
		{6CA09A11-CEEE-40A0-ADBF-D88CB1F7D140}.Debug|x64.ActiveCfg = Debug|x64
		{6CA09A11-CEEE-40A0-ADBF-D88CB1F7D140}.Debug|x64.Build.0 = Debug|x64
		{6CA09A11-CEEE-40A0-ADBF-D88CB1F7D140}.Debug|x86.ActiveCfg = Debug|Win32
		{6CA09A11-CEEE-40A0-ADBF-D88CB1F7D140}.Debug|x86.Build.0 = Debug|Win32
		{6CA09A11-CEEE-40A0-ADBF-D88CB1F7D140}.Release|x64.ActiveCfg = Release|x64
		{6CA09A11-CEEE-40A0-ADBF-D88CB1F7D140}.Release|x64.Build.0 = Release|x64
		{6CA09A11-CEEE-40A0-ADBF-D88CB1F7D140}.Release|x86.ActiveCfg = Release|Win32
		{6CA09A11-CEEE-40A0-ADBF-D88CB1F7D140}.Release|x86.Build.0 = Release|Win32
		{293CFC32-CB67-4F5A-8277-B7D4838BC793}.Debug|x64.ActiveCfg = Debug|x64
		{293CFC32-CB67-4F5A-8277-B7D4838BC793}.Debug|x64.Build.0 = Debug|x64
		{293CFC32-CB67-4F5A-8277-B7D4838BC793}.Debug|x86.ActiveCfg = Debug|Win32
		{293CFC32-CB67-4F5A-8277-B7D4838BC793}.Debug|x86.Build.0 = Debug|Win32
		{293CFC32-CB67-4F5A-8277-B7D4838BC793}.Release|x64.ActiveCfg = Release|x64
		{293CFC32-CB67-4F5A-8277-B7D4838BC793}.Release|x64.Build.0 = Release|x64
		{293CFC32-CB67-4F5A-8277-B7D4838BC793}.Release|x86.ActiveCfg = Release|Win32
		{293CFC32-CB67-4F5A-8277-B7D4838BC793}.Release|x86.Build.0 = Release|Win32
	EndGlobalSection
	GlobalSection(SolutionProperties) = preSolution
		HideSolutionNode = FALSE
	EndGlobalSection
	GlobalSection(ExtensibilityGlobals) = postSolution
		SolutionGuid = {B4250CF3-7803-4687-9382-47314A8F2D52}
	EndGlobalSection
EndGlobal
